// !$*UTF8*$!
{
	archiveVersion = 1;
	classes = {
	};
	objectVersion = 50;
	objects = {

/* Begin PBXBuildFile section */
		8F9674952337596500D75FA9 /* AppDelegate.swift in Sources */ = {isa = PBXBuildFile; fileRef = 8F9674942337596500D75FA9 /* AppDelegate.swift */; };
		8F9674972337596500D75FA9 /* ViewController.swift in Sources */ = {isa = PBXBuildFile; fileRef = 8F9674962337596500D75FA9 /* ViewController.swift */; };
		8F96749A2337596500D75FA9 /* Main.storyboard in Resources */ = {isa = PBXBuildFile; fileRef = 8F9674982337596500D75FA9 /* Main.storyboard */; };
		8F96749C2337596600D75FA9 /* Assets.xcassets in Resources */ = {isa = PBXBuildFile; fileRef = 8F96749B2337596600D75FA9 /* Assets.xcassets */; };
		8F96749F2337596600D75FA9 /* LaunchScreen.storyboard in Resources */ = {isa = PBXBuildFile; fileRef = 8F96749D2337596600D75FA9 /* LaunchScreen.storyboard */; };
		8F9674AA2337596600D75FA9 /* QuizTests.swift in Sources */ = {isa = PBXBuildFile; fileRef = 8F9674A92337596600D75FA9 /* QuizTests.swift */; };
		8F9674B52337596600D75FA9 /* QuizUITests.swift in Sources */ = {isa = PBXBuildFile; fileRef = 8F9674B42337596600D75FA9 /* QuizUITests.swift */; };
		8F9674C3233759A200D75FA9 /* QuizViewController.swift in Sources */ = {isa = PBXBuildFile; fileRef = 8F9674C2233759A200D75FA9 /* QuizViewController.swift */; };
		8F9674C523375A2700D75FA9 /* ResultViewController.swift in Sources */ = {isa = PBXBuildFile; fileRef = 8F9674C423375A2700D75FA9 /* ResultViewController.swift */; };
/* End PBXBuildFile section */

/* Begin PBXContainerItemProxy section */
		8F9674A62337596600D75FA9 /* PBXContainerItemProxy */ = {
			isa = PBXContainerItemProxy;
			containerPortal = 8F9674892337596500D75FA9 /* Project object */;
			proxyType = 1;
			remoteGlobalIDString = 8F9674902337596500D75FA9;
			remoteInfo = Quiz;
		};
		8F9674B12337596600D75FA9 /* PBXContainerItemProxy */ = {
			isa = PBXContainerItemProxy;
			containerPortal = 8F9674892337596500D75FA9 /* Project object */;
			proxyType = 1;
			remoteGlobalIDString = 8F9674902337596500D75FA9;
			remoteInfo = Quiz;
		};
/* End PBXContainerItemProxy section */

/* Begin PBXFileReference section */
		8F9674912337596500D75FA9 /* Quiz.app */ = {isa = PBXFileReference; explicitFileType = wrapper.application; includeInIndex = 0; path = Quiz.app; sourceTree = BUILT_PRODUCTS_DIR; };
		8F9674942337596500D75FA9 /* AppDelegate.swift */ = {isa = PBXFileReference; lastKnownFileType = sourcecode.swift; path = AppDelegate.swift; sourceTree = "<group>"; };
		8F9674962337596500D75FA9 /* ViewController.swift */ = {isa = PBXFileReference; lastKnownFileType = sourcecode.swift; path = ViewController.swift; sourceTree = "<group>"; };
		8F9674992337596500D75FA9 /* Base */ = {isa = PBXFileReference; lastKnownFileType = file.storyboard; name = Base; path = Base.lproj/Main.storyboard; sourceTree = "<group>"; };
		8F96749B2337596600D75FA9 /* Assets.xcassets */ = {isa = PBXFileReference; lastKnownFileType = folder.assetcatalog; path = Assets.xcassets; sourceTree = "<group>"; };
		8F96749E2337596600D75FA9 /* Base */ = {isa = PBXFileReference; lastKnownFileType = file.storyboard; name = Base; path = Base.lproj/LaunchScreen.storyboard; sourceTree = "<group>"; };
		8F9674A02337596600D75FA9 /* Info.plist */ = {isa = PBXFileReference; lastKnownFileType = text.plist.xml; path = Info.plist; sourceTree = "<group>"; };
		8F9674A52337596600D75FA9 /* QuizTests.xctest */ = {isa = PBXFileReference; explicitFileType = wrapper.cfbundle; includeInIndex = 0; path = QuizTests.xctest; sourceTree = BUILT_PRODUCTS_DIR; };
		8F9674A92337596600D75FA9 /* QuizTests.swift */ = {isa = PBXFileReference; lastKnownFileType = sourcecode.swift; path = QuizTests.swift; sourceTree = "<group>"; };
		8F9674AB2337596600D75FA9 /* Info.plist */ = {isa = PBXFileReference; lastKnownFileType = text.plist.xml; path = Info.plist; sourceTree = "<group>"; };
		8F9674B02337596600D75FA9 /* QuizUITests.xctest */ = {isa = PBXFileReference; explicitFileType = wrapper.cfbundle; includeInIndex = 0; path = QuizUITests.xctest; sourceTree = BUILT_PRODUCTS_DIR; };
		8F9674B42337596600D75FA9 /* QuizUITests.swift */ = {isa = PBXFileReference; lastKnownFileType = sourcecode.swift; path = QuizUITests.swift; sourceTree = "<group>"; };
		8F9674B62337596600D75FA9 /* Info.plist */ = {isa = PBXFileReference; lastKnownFileType = text.plist.xml; path = Info.plist; sourceTree = "<group>"; };
		8F9674C2233759A200D75FA9 /* QuizViewController.swift */ = {isa = PBXFileReference; lastKnownFileType = sourcecode.swift; path = QuizViewController.swift; sourceTree = "<group>"; };
		8F9674C423375A2700D75FA9 /* ResultViewController.swift */ = {isa = PBXFileReference; lastKnownFileType = sourcecode.swift; path = ResultViewController.swift; sourceTree = "<group>"; };
/* End PBXFileReference section */

/* Begin PBXFrameworksBuildPhase section */
		8F96748E2337596500D75FA9 /* Frameworks */ = {
			isa = PBXFrameworksBuildPhase;
			buildActionMask = 2147483647;
			files = (
			);
			runOnlyForDeploymentPostprocessing = 0;
		};
		8F9674A22337596600D75FA9 /* Frameworks */ = {
			isa = PBXFrameworksBuildPhase;
			buildActionMask = 2147483647;
			files = (
			);
			runOnlyForDeploymentPostprocessing = 0;
		};
		8F9674AD2337596600D75FA9 /* Frameworks */ = {
			isa = PBXFrameworksBuildPhase;
			buildActionMask = 2147483647;
			files = (
			);
			runOnlyForDeploymentPostprocessing = 0;
		};
/* End PBXFrameworksBuildPhase section */

/* Begin PBXGroup section */
		8F9674882337596500D75FA9 = {
			isa = PBXGroup;
			children = (
				8F9674932337596500D75FA9 /* Quiz */,
				8F9674A82337596600D75FA9 /* QuizTests */,
				8F9674B32337596600D75FA9 /* QuizUITests */,
				8F9674922337596500D75FA9 /* Products */,
			);
			sourceTree = "<group>";
		};
		8F9674922337596500D75FA9 /* Products */ = {
			isa = PBXGroup;
			children = (
				8F9674912337596500D75FA9 /* Quiz.app */,
				8F9674A52337596600D75FA9 /* QuizTests.xctest */,
				8F9674B02337596600D75FA9 /* QuizUITests.xctest */,
			);
			name = Products;
			sourceTree = "<group>";
		};
		8F9674932337596500D75FA9 /* Quiz */ = {
			isa = PBXGroup;
			children = (
				8F9674942337596500D75FA9 /* AppDelegate.swift */,
				8F9674962337596500D75FA9 /* ViewController.swift */,
				8F9674982337596500D75FA9 /* Main.storyboard */,
				8F96749B2337596600D75FA9 /* Assets.xcassets */,
				8F96749D2337596600D75FA9 /* LaunchScreen.storyboard */,
				8F9674A02337596600D75FA9 /* Info.plist */,
				8F9674C2233759A200D75FA9 /* QuizViewController.swift */,
				8F9674C423375A2700D75FA9 /* ResultViewController.swift */,
			);
			path = Quiz;
			sourceTree = "<group>";
		};
		8F9674A82337596600D75FA9 /* QuizTests */ = {
			isa = PBXGroup;
			children = (
				8F9674A92337596600D75FA9 /* QuizTests.swift */,
				8F9674AB2337596600D75FA9 /* Info.plist */,
			);
			path = QuizTests;
			sourceTree = "<group>";
		};
		8F9674B32337596600D75FA9 /* QuizUITests */ = {
			isa = PBXGroup;
			children = (
				8F9674B42337596600D75FA9 /* QuizUITests.swift */,
				8F9674B62337596600D75FA9 /* Info.plist */,
			);
			path = QuizUITests;
			sourceTree = "<group>";
		};
/* End PBXGroup section */

/* Begin PBXNativeTarget section */
		8F9674902337596500D75FA9 /* Quiz */ = {
			isa = PBXNativeTarget;
			buildConfigurationList = 8F9674B92337596600D75FA9 /* Build configuration list for PBXNativeTarget "Quiz" */;
			buildPhases = (
				8F96748D2337596500D75FA9 /* Sources */,
				8F96748E2337596500D75FA9 /* Frameworks */,
				8F96748F2337596500D75FA9 /* Resources */,
			);
			buildRules = (
			);
			dependencies = (
			);
			name = Quiz;
			productName = Quiz;
			productReference = 8F9674912337596500D75FA9 /* Quiz.app */;
			productType = "com.apple.product-type.application";
		};
		8F9674A42337596600D75FA9 /* QuizTests */ = {
			isa = PBXNativeTarget;
			buildConfigurationList = 8F9674BC2337596600D75FA9 /* Build configuration list for PBXNativeTarget "QuizTests" */;
			buildPhases = (
				8F9674A12337596600D75FA9 /* Sources */,
				8F9674A22337596600D75FA9 /* Frameworks */,
				8F9674A32337596600D75FA9 /* Resources */,
			);
			buildRules = (
			);
			dependencies = (
				8F9674A72337596600D75FA9 /* PBXTargetDependency */,
			);
			name = QuizTests;
			productName = QuizTests;
			productReference = 8F9674A52337596600D75FA9 /* QuizTests.xctest */;
			productType = "com.apple.product-type.bundle.unit-test";
		};
		8F9674AF2337596600D75FA9 /* QuizUITests */ = {
			isa = PBXNativeTarget;
			buildConfigurationList = 8F9674BF2337596600D75FA9 /* Build configuration list for PBXNativeTarget "QuizUITests" */;
			buildPhases = (
				8F9674AC2337596600D75FA9 /* Sources */,
				8F9674AD2337596600D75FA9 /* Frameworks */,
				8F9674AE2337596600D75FA9 /* Resources */,
			);
			buildRules = (
			);
			dependencies = (
				8F9674B22337596600D75FA9 /* PBXTargetDependency */,
			);
			name = QuizUITests;
			productName = QuizUITests;
			productReference = 8F9674B02337596600D75FA9 /* QuizUITests.xctest */;
			productType = "com.apple.product-type.bundle.ui-testing";
		};
/* End PBXNativeTarget section */

/* Begin PBXProject section */
		8F9674892337596500D75FA9 /* Project object */ = {
			isa = PBXProject;
			attributes = {
				LastSwiftUpdateCheck = 1030;
				LastUpgradeCheck = 1030;
				ORGANIZATIONNAME = kyamisuke;
				TargetAttributes = {
					8F9674902337596500D75FA9 = {
						CreatedOnToolsVersion = 10.3;
					};
					8F9674A42337596600D75FA9 = {
						CreatedOnToolsVersion = 10.3;
						TestTargetID = 8F9674902337596500D75FA9;
					};
					8F9674AF2337596600D75FA9 = {
						CreatedOnToolsVersion = 10.3;
						TestTargetID = 8F9674902337596500D75FA9;
					};
				};
			};
			buildConfigurationList = 8F96748C2337596500D75FA9 /* Build configuration list for PBXProject "Quiz" */;
			compatibilityVersion = "Xcode 9.3";
			developmentRegion = en;
			hasScannedForEncodings = 0;
			knownRegions = (
				en,
				Base,
			);
			mainGroup = 8F9674882337596500D75FA9;
			productRefGroup = 8F9674922337596500D75FA9 /* Products */;
			projectDirPath = "";
			projectRoot = "";
			targets = (
				8F9674902337596500D75FA9 /* Quiz */,
				8F9674A42337596600D75FA9 /* QuizTests */,
				8F9674AF2337596600D75FA9 /* QuizUITests */,
			);
		};
/* End PBXProject section */

/* Begin PBXResourcesBuildPhase section */
		8F96748F2337596500D75FA9 /* Resources */ = {
			isa = PBXResourcesBuildPhase;
			buildActionMask = 2147483647;
			files = (
				8F96749F2337596600D75FA9 /* LaunchScreen.storyboard in Resources */,
				8F96749C2337596600D75FA9 /* Assets.xcassets in Resources */,
				8F96749A2337596500D75FA9 /* Main.storyboard in Resources */,
			);
			runOnlyForDeploymentPostprocessing = 0;
		};
		8F9674A32337596600D75FA9 /* Resources */ = {
			isa = PBXResourcesBuildPhase;
			buildActionMask = 2147483647;
			files = (
			);
			runOnlyForDeploymentPostprocessing = 0;
		};
		8F9674AE2337596600D75FA9 /* Resources */ = {
			isa = PBXResourcesBuildPhase;
			buildActionMask = 2147483647;
			files = (
			);
			runOnlyForDeploymentPostprocessing = 0;
		};
/* End PBXResourcesBuildPhase section */

/* Begin PBXSourcesBuildPhase section */
		8F96748D2337596500D75FA9 /* Sources */ = {
			isa = PBXSourcesBuildPhase;
			buildActionMask = 2147483647;
			files = (
				8F9674C3233759A200D75FA9 /* QuizViewController.swift in Sources */,
				8F9674972337596500D75FA9 /* ViewController.swift in Sources */,
				8F9674952337596500D75FA9 /* AppDelegate.swift in Sources */,
				8F9674C523375A2700D75FA9 /* ResultViewController.swift in Sources */,
			);
			runOnlyForDeploymentPostprocessing = 0;
		};
		8F9674A12337596600D75FA9 /* Sources */ = {
			isa = PBXSourcesBuildPhase;
			buildActionMask = 2147483647;
			files = (
				8F9674AA2337596600D75FA9 /* QuizTests.swift in Sources */,
			);
			runOnlyForDeploymentPostprocessing = 0;
		};
		8F9674AC2337596600D75FA9 /* Sources */ = {
			isa = PBXSourcesBuildPhase;
			buildActionMask = 2147483647;
			files = (
				8F9674B52337596600D75FA9 /* QuizUITests.swift in Sources */,
			);
			runOnlyForDeploymentPostprocessing = 0;
		};
/* End PBXSourcesBuildPhase section */

/* Begin PBXTargetDependency section */
		8F9674A72337596600D75FA9 /* PBXTargetDependency */ = {
			isa = PBXTargetDependency;
			target = 8F9674902337596500D75FA9 /* Quiz */;
			targetProxy = 8F9674A62337596600D75FA9 /* PBXContainerItemProxy */;
		};
		8F9674B22337596600D75FA9 /* PBXTargetDependency */ = {
			isa = PBXTargetDependency;
			target = 8F9674902337596500D75FA9 /* Quiz */;
			targetProxy = 8F9674B12337596600D75FA9 /* PBXContainerItemProxy */;
		};
/* End PBXTargetDependency section */

/* Begin PBXVariantGroup section */
		8F9674982337596500D75FA9 /* Main.storyboard */ = {
			isa = PBXVariantGroup;
			children = (
				8F9674992337596500D75FA9 /* Base */,
			);
			name = Main.storyboard;
			sourceTree = "<group>";
		};
		8F96749D2337596600D75FA9 /* LaunchScreen.storyboard */ = {
			isa = PBXVariantGroup;
			children = (
				8F96749E2337596600D75FA9 /* Base */,
			);
			name = LaunchScreen.storyboard;
			sourceTree = "<group>";
		};
/* End PBXVariantGroup section */

/* Begin XCBuildConfiguration section */
		8F9674B72337596600D75FA9 /* Debug */ = {
			isa = XCBuildConfiguration;
			buildSettings = {
				ALWAYS_SEARCH_USER_PATHS = NO;
				CLANG_ANALYZER_NONNULL = YES;
				CLANG_ANALYZER_NUMBER_OBJECT_CONVERSION = YES_AGGRESSIVE;
				CLANG_CXX_LANGUAGE_STANDARD = "gnu++14";
				CLANG_CXX_LIBRARY = "libc++";
				CLANG_ENABLE_MODULES = YES;
				CLANG_ENABLE_OBJC_ARC = YES;
				CLANG_ENABLE_OBJC_WEAK = YES;
				CLANG_WARN_BLOCK_CAPTURE_AUTORELEASING = YES;
				CLANG_WARN_BOOL_CONVERSION = YES;
				CLANG_WARN_COMMA = YES;
				CLANG_WARN_CONSTANT_CONVERSION = YES;
				CLANG_WARN_DEPRECATED_OBJC_IMPLEMENTATIONS = YES;
				CLANG_WARN_DIRECT_OBJC_ISA_USAGE = YES_ERROR;
				CLANG_WARN_DOCUMENTATION_COMMENTS = YES;
				CLANG_WARN_EMPTY_BODY = YES;
				CLANG_WARN_ENUM_CONVERSION = YES;
				CLANG_WARN_INFINITE_RECURSION = YES;
				CLANG_WARN_INT_CONVERSION = YES;
				CLANG_WARN_NON_LITERAL_NULL_CONVERSION = YES;
				CLANG_WARN_OBJC_IMPLICIT_RETAIN_SELF = YES;
				CLANG_WARN_OBJC_LITERAL_CONVERSION = YES;
				CLANG_WARN_OBJC_ROOT_CLASS = YES_ERROR;
				CLANG_WARN_RANGE_LOOP_ANALYSIS = YES;
				CLANG_WARN_STRICT_PROTOTYPES = YES;
				CLANG_WARN_SUSPICIOUS_MOVE = YES;
				CLANG_WARN_UNGUARDED_AVAILABILITY = YES_AGGRESSIVE;
				CLANG_WARN_UNREACHABLE_CODE = YES;
				CLANG_WARN__DUPLICATE_METHOD_MATCH = YES;
				CODE_SIGN_IDENTITY = "iPhone Developer";
				COPY_PHASE_STRIP = NO;
				DEBUG_INFORMATION_FORMAT = dwarf;
				ENABLE_STRICT_OBJC_MSGSEND = YES;
				ENABLE_TESTABILITY = YES;
				GCC_C_LANGUAGE_STANDARD = gnu11;
				GCC_DYNAMIC_NO_PIC = NO;
				GCC_NO_COMMON_BLOCKS = YES;
				GCC_OPTIMIZATION_LEVEL = 0;
				GCC_PREPROCESSOR_DEFINITIONS = (
					"DEBUG=1",
					"$(inherited)",
				);
				GCC_WARN_64_TO_32_BIT_CONVERSION = YES;
				GCC_WARN_ABOUT_RETURN_TYPE = YES_ERROR;
				GCC_WARN_UNDECLARED_SELECTOR = YES;
				GCC_WARN_UNINITIALIZED_AUTOS = YES_AGGRESSIVE;
				GCC_WARN_UNUSED_FUNCTION = YES;
				GCC_WARN_UNUSED_VARIABLE = YES;
				IPHONEOS_DEPLOYMENT_TARGET = 12.4;
				MTL_ENABLE_DEBUG_INFO = INCLUDE_SOURCE;
				MTL_FAST_MATH = YES;
				ONLY_ACTIVE_ARCH = YES;
				SDKROOT = iphoneos;
				SWIFT_ACTIVE_COMPILATION_CONDITIONS = DEBUG;
				SWIFT_OPTIMIZATION_LEVEL = "-Onone";
			};
			name = Debug;
		};
		8F9674B82337596600D75FA9 /* Release */ = {
			isa = XCBuildConfiguration;
			buildSettings = {
				ALWAYS_SEARCH_USER_PATHS = NO;
				CLANG_ANALYZER_NONNULL = YES;
				CLANG_ANALYZER_NUMBER_OBJECT_CONVERSION = YES_AGGRESSIVE;
				CLANG_CXX_LANGUAGE_STANDARD = "gnu++14";
				CLANG_CXX_LIBRARY = "libc++";
				CLANG_ENABLE_MODULES = YES;
				CLANG_ENABLE_OBJC_ARC = YES;
				CLANG_ENABLE_OBJC_WEAK = YES;
				CLANG_WARN_BLOCK_CAPTURE_AUTORELEASING = YES;
				CLANG_WARN_BOOL_CONVERSION = YES;
				CLANG_WARN_COMMA = YES;
				CLANG_WARN_CONSTANT_CONVERSION = YES;
				CLANG_WARN_DEPRECATED_OBJC_IMPLEMENTATIONS = YES;
				CLANG_WARN_DIRECT_OBJC_ISA_USAGE = YES_ERROR;
				CLANG_WARN_DOCUMENTATION_COMMENTS = YES;
				CLANG_WARN_EMPTY_BODY = YES;
				CLANG_WARN_ENUM_CONVERSION = YES;
				CLANG_WARN_INFINITE_RECURSION = YES;
				CLANG_WARN_INT_CONVERSION = YES;
				CLANG_WARN_NON_LITERAL_NULL_CONVERSION = YES;
				CLANG_WARN_OBJC_IMPLICIT_RETAIN_SELF = YES;
				CLANG_WARN_OBJC_LITERAL_CONVERSION = YES;
				CLANG_WARN_OBJC_ROOT_CLASS = YES_ERROR;
				CLANG_WARN_RANGE_LOOP_ANALYSIS = YES;
				CLANG_WARN_STRICT_PROTOTYPES = YES;
				CLANG_WARN_SUSPICIOUS_MOVE = YES;
				CLANG_WARN_UNGUARDED_AVAILABILITY = YES_AGGRESSIVE;
				CLANG_WARN_UNREACHABLE_CODE = YES;
				CLANG_WARN__DUPLICATE_METHOD_MATCH = YES;
				CODE_SIGN_IDENTITY = "iPhone Developer";
				COPY_PHASE_STRIP = NO;
				DEBUG_INFORMATION_FORMAT = "dwarf-with-dsym";
				ENABLE_NS_ASSERTIONS = NO;
				ENABLE_STRICT_OBJC_MSGSEND = YES;
				GCC_C_LANGUAGE_STANDARD = gnu11;
				GCC_NO_COMMON_BLOCKS = YES;
				GCC_WARN_64_TO_32_BIT_CONVERSION = YES;
				GCC_WARN_ABOUT_RETURN_TYPE = YES_ERROR;
				GCC_WARN_UNDECLARED_SELECTOR = YES;
				GCC_WARN_UNINITIALIZED_AUTOS = YES_AGGRESSIVE;
				GCC_WARN_UNUSED_FUNCTION = YES;
				GCC_WARN_UNUSED_VARIABLE = YES;
				IPHONEOS_DEPLOYMENT_TARGET = 12.4;
				MTL_ENABLE_DEBUG_INFO = NO;
				MTL_FAST_MATH = YES;
				SDKROOT = iphoneos;
				SWIFT_COMPILATION_MODE = wholemodule;
				SWIFT_OPTIMIZATION_LEVEL = "-O";
				VALIDATE_PRODUCT = YES;
			};
			name = Release;
		};
		8F9674BA2337596600D75FA9 /* Debug */ = {
			isa = XCBuildConfiguration;
			buildSettings = {
				ASSETCATALOG_COMPILER_APPICON_NAME = AppIcon;
				CODE_SIGN_STYLE = Automatic;
				INFOPLIST_FILE = Quiz/Info.plist;
				LD_RUNPATH_SEARCH_PATHS = (
					"$(inherited)",
					"@executable_path/Frameworks",
				);
				PRODUCT_BUNDLE_IDENTIFIER = kyamisuke.Quiz;
				PRODUCT_NAME = "$(TARGET_NAME)";
				SWIFT_VERSION = 5.0;
				TARGETED_DEVICE_FAMILY = "1,2";
			};
			name = Debug;
		};
		8F9674BB2337596600D75FA9 /* Release */ = {
			isa = XCBuildConfiguration;
			buildSettings = {
				ASSETCATALOG_COMPILER_APPICON_NAME = AppIcon;
				CODE_SIGN_STYLE = Automatic;
				INFOPLIST_FILE = Quiz/Info.plist;
				LD_RUNPATH_SEARCH_PATHS = (
					"$(inherited)",
					"@executable_path/Frameworks",
				);
				PRODUCT_BUNDLE_IDENTIFIER = kyamisuke.Quiz;
				PRODUCT_NAME = "$(TARGET_NAME)";
				SWIFT_VERSION = 5.0;
				TARGETED_DEVICE_FAMILY = "1,2";
			};
			name = Release;
		};
		8F9674BD2337596600D75FA9 /* Debug */ = {
			isa = XCBuildConfiguration;
			buildSettings = {
				ALWAYS_EMBED_SWIFT_STANDARD_LIBRARIES = YES;
				BUNDLE_LOADER = "$(TEST_HOST)";
				CODE_SIGN_STYLE = Automatic;
				INFOPLIST_FILE = QuizTests/Info.plist;
				LD_RUNPATH_SEARCH_PATHS = (
					"$(inherited)",
					"@executable_path/Frameworks",
					"@loader_path/Frameworks",
				);
				PRODUCT_BUNDLE_IDENTIFIER = kyamisuke.QuizTests;
				PRODUCT_NAME = "$(TARGET_NAME)";
				SWIFT_VERSION = 5.0;
				TARGETED_DEVICE_FAMILY = "1,2";
				TEST_HOST = "$(BUILT_PRODUCTS_DIR)/Quiz.app/Quiz";
			};
			name = Debug;
		};
		8F9674BE2337596600D75FA9 /* Release */ = {
			isa = XCBuildConfiguration;
			buildSettings = {
				ALWAYS_EMBED_SWIFT_STANDARD_LIBRARIES = YES;
				BUNDLE_LOADER = "$(TEST_HOST)";
				CODE_SIGN_STYLE = Automatic;
				INFOPLIST_FILE = QuizTests/Info.plist;
				LD_RUNPATH_SEARCH_PATHS = (
					"$(inherited)",
					"@executable_path/Frameworks",
					"@loader_path/Frameworks",
				);
				PRODUCT_BUNDLE_IDENTIFIER = kyamisuke.QuizTests;
				PRODUCT_NAME = "$(TARGET_NAME)";
				SWIFT_VERSION = 5.0;
				TARGETED_DEVICE_FAMILY = "1,2";
				TEST_HOST = "$(BUILT_PRODUCTS_DIR)/Quiz.app/Quiz";
			};
			name = Release;
		};
		8F9674C02337596600D75FA9 /* Debug */ = {
			isa = XCBuildConfiguration;
			buildSettings = {
				ALWAYS_EMBED_SWIFT_STANDARD_LIBRARIES = YES;
				CODE_SIGN_STYLE = Automatic;
				INFOPLIST_FILE = QuizUITests/Info.plist;
				LD_RUNPATH_SEARCH_PATHS = (
					"$(inherited)",
					"@executable_path/Frameworks",
					"@loader_path/Frameworks",
				);
				PRODUCT_BUNDLE_IDENTIFIER = kyamisuke.QuizUITests;
				PRODUCT_NAME = "$(TARGET_NAME)";
				SWIFT_VERSION = 5.0;
				TARGETED_DEVICE_FAMILY = "1,2";
				TEST_TARGET_NAME = Quiz;
			};
			name = Debug;
		};
		8F9674C12337596600D75FA9 /* Release */ = {
			isa = XCBuildConfiguration;
			buildSettings = {
				ALWAYS_EMBED_SWIFT_STANDARD_LIBRARIES = YES;
				CODE_SIGN_STYLE = Automatic;
				INFOPLIST_FILE = QuizUITests/Info.plist;
				LD_RUNPATH_SEARCH_PATHS = (
					"$(inherited)",
					"@executable_path/Frameworks",
					"@loader_path/Frameworks",
				);
				PRODUCT_BUNDLE_IDENTIFIER = kyamisuke.QuizUITests;
				PRODUCT_NAME = "$(TARGET_NAME)";
				SWIFT_VERSION = 5.0;
				TARGETED_DEVICE_FAMILY = "1,2";
				TEST_TARGET_NAME = Quiz;
			};
			name = Release;
		};
/* End XCBuildConfiguration section */

/* Begin XCConfigurationList section */
		8F96748C2337596500D75FA9 /* Build configuration list for PBXProject "Quiz" */ = {
			isa = XCConfigurationList;
			buildConfigurations = (
				8F9674B72337596600D75FA9 /* Debug */,
				8F9674B82337596600D75FA9 /* Release */,
			);
			defaultConfigurationIsVisible = 0;
			defaultConfigurationName = Release;
		};
		8F9674B92337596600D75FA9 /* Build configuration list for PBXNativeTarget "Quiz" */ = {
			isa = XCConfigurationList;
			buildConfigurations = (
				8F9674BA2337596600D75FA9 /* Debug */,
				8F9674BB2337596600D75FA9 /* Release */,
			);
			defaultConfigurationIsVisible = 0;
			defaultConfigurationName = Release;
		};
		8F9674BC2337596600D75FA9 /* Build configuration list for PBXNativeTarget "QuizTests" */ = {
			isa = XCConfigurationList;
			buildConfigurations = (
				8F9674BD2337596600D75FA9 /* Debug */,
				8F9674BE2337596600D75FA9 /* Release */,
			);
			defaultConfigurationIsVisible = 0;
			defaultConfigurationName = Release;
		};
		8F9674BF2337596600D75FA9 /* Build configuration list for PBXNativeTarget "QuizUITests" */ = {
			isa = XCConfigurationList;
			buildConfigurations = (
				8F9674C02337596600D75FA9 /* Debug */,
				8F9674C12337596600D75FA9 /* Release */,
			);
			defaultConfigurationIsVisible = 0;
			defaultConfigurationName = Release;
		};
/* End XCConfigurationList section */
	};
	rootObject = 8F9674892337596500D75FA9 /* Project object */;
}
